
Microsoft Visual Studio Solution File, Format Version 12.00
# Visual Studio 2012
Project("{FAE04EC0-301F-11D3-BF4B-00C04F79EFBC}") = "GitHubSharp", "GitHubSharp\GitHubSharp.csproj", "{1953CE79-63FC-47D9-A816-01827669F089}"
EndProject
Project("{FAE04EC0-301F-11D3-BF4B-00C04F79EFBC}") = "GitHubSharp.MonoTouch", "GitHubSharp.MonoTouch\GitHubSharp.MonoTouch.csproj", "{9D501802-E873-44FA-96D9-335AEED3FD66}"
EndProject
Global
	GlobalSection(SolutionConfigurationPlatforms) = preSolution
		Debug|Any CPU = Debug|Any CPU
		Release|Any CPU = Release|Any CPU
	EndGlobalSection
	GlobalSection(ProjectConfigurationPlatforms) = postSolution
		{1953CE79-63FC-47D9-A816-01827669F089}.Debug|Any CPU.ActiveCfg = Debug|Any CPU
		{1953CE79-63FC-47D9-A816-01827669F089}.Debug|Any CPU.Build.0 = Debug|Any CPU
		{1953CE79-63FC-47D9-A816-01827669F089}.Release|Any CPU.ActiveCfg = Release|Any CPU
		{1953CE79-63FC-47D9-A816-01827669F089}.Release|Any CPU.Build.0 = Release|Any CPU
		{9D501802-E873-44FA-96D9-335AEED3FD66}.Debug|Any CPU.ActiveCfg = Debug|Any CPU
		{9D501802-E873-44FA-96D9-335AEED3FD66}.Debug|Any CPU.Build.0 = Debug|Any CPU
		{9D501802-E873-44FA-96D9-335AEED3FD66}.Release|Any CPU.ActiveCfg = Release|Any CPU
		{9D501802-E873-44FA-96D9-335AEED3FD66}.Release|Any CPU.Build.0 = Release|Any CPU
	EndGlobalSection
	GlobalSection(MonoDevelopProperties) = preSolution
		StartupItem = GitHubSharp\GitHubSharp.csproj
	EndGlobalSection
	GlobalSection(SolutionProperties) = preSolution
		HideSolutionNode = FALSE
	EndGlobalSection
EndGlobal
